{
    "requires": true,
    "lockfileVersion": 1,
    "dependencies": {
        "@types/knockout": {
            "version": "3.4.46",
            "resolved": "https://registry.npmjs.org/@types/knockout/-/knockout-3.4.46.tgz",
            "integrity": "sha512-dsnfVF8CPQNv3mk7iQS2mGv7AAUVRcTGExbrlfwDD1AZPaV8cquHsVw3mLIFBsiHL8h4TiECiWtukqTF9dcEug=="
        },
        "jquery": {
            "version": "3.4.1",
            "resolved": "https://registry.npmjs.org/jquery/-/jquery-3.4.1.tgz",
            "integrity": "sha512-36+AdBzCL+y6qjw5Tx7HgzeGCzC81MDDgaUP8ld2zhx58HdqXGoBd+tHdrBMiyjGQs0Hxs/MLZTu/eHNJJuWPw=="
        },
        "primeicons": {
            "version": "2.0.0",
            "resolved": "https://registry.npmjs.org/primeicons/-/primeicons-2.0.0.tgz",
            "integrity": "sha512-GJTCeMSQU8UU1GqbsaDrg/IH+b/vSinJQl52NVpdJ7sShYLZA8Eq6jLF48Ye3N/dQloGrE07i7XsZvxQ9pNbqg=="
        },
        "primeng": {
            "version": "8.0.2",
            "resolved": "https://registry.npmjs.org/primeng/-/primeng-8.0.2.tgz",
            "integrity": "sha512-MCY2oYXt0TLqDHcuMD2yqe/pg7OCCTvK/szqInkhXn8a76KA0yLDmm+hF+gaH/xQShqnYuazb23GlYVZi8zFDQ=="
        },
        "survey-jquery": {
            "version": "1.1.5",
            "resolved": "https://registry.npmjs.org/survey-jquery/-/survey-jquery-1.1.5.tgz",
            "integrity": "sha512-uO0cSI4gCnCrfSpk4oZrVd9xbKxmps4JbjGTUmvwwBC79EwCn2OS+lMSo86JBK6r4ZsoOMbZEvDBWc4CyLxdmw==",
            "requires": {
                "@types/knockout": "3.4.46",
                "jquery": ">=1.12.4"
            }
        }
    }
}
